
Microsoft Visual Studio Solution File, Format Version 12.00
Project("{FAE04EC0-301F-11D3-BF4B-00C04F79EFBC}") = "ScientificApp", "ScientificApp\ScientificApp.csproj", "{24363A19-8718-466C-9B17-1A9FA617A289}"
EndProject
Global
	GlobalSection(SolutionConfigurationPlatforms) = preSolution
		Debug|Any CPU = Debug|Any CPU
		Release|Any CPU = Release|Any CPU
	EndGlobalSection
	GlobalSection(ProjectConfigurationPlatforms) = postSolution
		{24363A19-8718-466C-9B17-1A9FA617A289}.Debug|Any CPU.ActiveCfg = Debug|Any CPU
		{24363A19-8718-466C-9B17-1A9FA617A289}.Debug|Any CPU.Build.0 = Debug|Any CPU
		{24363A19-8718-466C-9B17-1A9FA617A289}.Release|Any CPU.ActiveCfg = Release|Any CPU
		{24363A19-8718-466C-9B17-1A9FA617A289}.Release|Any CPU.Build.0 = Release|Any CPU
	EndGlobalSection
EndGlobal
